
Microsoft Visual Studio Solution File, Format Version 12.00
# Visual Studio Version 17
VisualStudioVersion = 17.0.31919.166
MinimumVisualStudioVersion = 10.0.40219.1
Project("{FAE04EC0-301F-11D3-BF4B-00C04F79EFBC}") = "AdministrationSicilyLines", "AdministrationSicilyLines\AdministrationSicilyLines.csproj", "{B9E34AD6-D6EA-45EA-80BB-5C4A35F0CF9E}"
EndProject
Global
	GlobalSection(SolutionConfigurationPlatforms) = preSolution
		Debug|Any CPU = Debug|Any CPU
		Release|Any CPU = Release|Any CPU
	EndGlobalSection
	GlobalSection(ProjectConfigurationPlatforms) = postSolution
		{B9E34AD6-D6EA-45EA-80BB-5C4A35F0CF9E}.Debug|Any CPU.ActiveCfg = Debug|Any CPU
		{B9E34AD6-D6EA-45EA-80BB-5C4A35F0CF9E}.Debug|Any CPU.Build.0 = Debug|Any CPU
		{B9E34AD6-D6EA-45EA-80BB-5C4A35F0CF9E}.Release|Any CPU.ActiveCfg = Release|Any CPU
		{B9E34AD6-D6EA-45EA-80BB-5C4A35F0CF9E}.Release|Any CPU.Build.0 = Release|Any CPU
	EndGlobalSection
	GlobalSection(SolutionProperties) = preSolution
		HideSolutionNode = FALSE
	EndGlobalSection
	GlobalSection(ExtensibilityGlobals) = postSolution
		SolutionGuid = {12ED140D-F4D4-4812-B756-7D9E81556293}
	EndGlobalSection
EndGlobal
